
Microsoft Visual Studio Solution File, Format Version 12.00
# Visual Studio Version 17
VisualStudioVersion = 17.7.34031.279
MinimumVisualStudioVersion = 10.0.40219.1
Project("{FAE04EC0-301F-11D3-BF4B-00C04F79EFBC}") = "StockAppWebAPI1", "StockAppWebAPI1\StockAppWebAPI1.csproj", "{284AF7D9-21DB-434B-886A-980C5F4DC1F3}"
EndProject
Global
	GlobalSection(SolutionConfigurationPlatforms) = preSolution
		Debug|Any CPU = Debug|Any CPU
		Release|Any CPU = Release|Any CPU
	EndGlobalSection
	GlobalSection(ProjectConfigurationPlatforms) = postSolution
		{284AF7D9-21DB-434B-886A-980C5F4DC1F3}.Debug|Any CPU.ActiveCfg = Debug|Any CPU
		{284AF7D9-21DB-434B-886A-980C5F4DC1F3}.Debug|Any CPU.Build.0 = Debug|Any CPU
		{284AF7D9-21DB-434B-886A-980C5F4DC1F3}.Release|Any CPU.ActiveCfg = Release|Any CPU
		{284AF7D9-21DB-434B-886A-980C5F4DC1F3}.Release|Any CPU.Build.0 = Release|Any CPU
	EndGlobalSection
	GlobalSection(SolutionProperties) = preSolution
		HideSolutionNode = FALSE
	EndGlobalSection
	GlobalSection(ExtensibilityGlobals) = postSolution
		SolutionGuid = {CB9B69F2-BC0F-4E16-A670-CE1E3A219C40}
	EndGlobalSection
EndGlobal
